
Microsoft Visual Studio Solution File, Format Version 12.00
# Visual Studio Version 16
VisualStudioVersion = 16.0.32630.194
MinimumVisualStudioVersion = 10.0.40219.1
Project("{FAE04EC0-301F-11D3-BF4B-00C04F79EFBC}") = "KerberoShutdown", "KerberoShutdown\KerberoShutdown.csproj", "{2E51E9A4-3987-43CB-8838-A25457BABCA2}"
EndProject
Global
	GlobalSection(SolutionConfigurationPlatforms) = preSolution
		Debug|Any CPU = Debug|Any CPU
		Debug|x64 = Debug|x64
		Release|Any CPU = Release|Any CPU
		Release|x64 = Release|x64
	EndGlobalSection
	GlobalSection(ProjectConfigurationPlatforms) = postSolution
		{2E51E9A4-3987-43CB-8838-A25457BABCA2}.Debug|Any CPU.ActiveCfg = Debug|Any CPU
		{2E51E9A4-3987-43CB-8838-A25457BABCA2}.Debug|Any CPU.Build.0 = Debug|Any CPU
		{2E51E9A4-3987-43CB-8838-A25457BABCA2}.Debug|x64.ActiveCfg = Release|x64
		{2E51E9A4-3987-43CB-8838-A25457BABCA2}.Debug|x64.Build.0 = Release|x64
		{2E51E9A4-3987-43CB-8838-A25457BABCA2}.Release|Any CPU.ActiveCfg = Release|Any CPU
		{2E51E9A4-3987-43CB-8838-A25457BABCA2}.Release|Any CPU.Build.0 = Release|Any CPU
		{2E51E9A4-3987-43CB-8838-A25457BABCA2}.Release|x64.ActiveCfg = Release|x64
		{2E51E9A4-3987-43CB-8838-A25457BABCA2}.Release|x64.Build.0 = Release|x64
	EndGlobalSection
	GlobalSection(SolutionProperties) = preSolution
		HideSolutionNode = FALSE
	EndGlobalSection
	GlobalSection(ExtensibilityGlobals) = postSolution
		SolutionGuid = {223B5B8E-32D6-4E3F-BF71-BD8EEAF3059B}
	EndGlobalSection
EndGlobal
